
Microsoft Visual Studio Solution File, Format Version 12.00
# Visual Studio Version 16
VisualStudioVersion = 16.0.29503.13
MinimumVisualStudioVersion = 10.0.40219.1
Project("{FAE04EC0-301F-11D3-BF4B-00C04F79EFBC}") = "ED-Shields_1.4", "1.4\ED-Shields_1.4.csproj", "{97498BD7-DD75-428E-A5E7-92DC7F1AEA3B}"
EndProject
Global
	GlobalSection(SolutionConfigurationPlatforms) = preSolution
		Debug|Any CPU = Debug|Any CPU
		Release|Any CPU = Release|Any CPU
	EndGlobalSection
	GlobalSection(ProjectConfigurationPlatforms) = postSolution
		{D90E6072-FBE5-4A86-A1E1-11E12DC5E27B}.Debug|Any CPU.ActiveCfg = Debug|Any CPU
		{D90E6072-FBE5-4A86-A1E1-11E12DC5E27B}.Debug|Any CPU.Build.0 = Debug|Any CPU
		{D90E6072-FBE5-4A86-A1E1-11E12DC5E27B}.Release|Any CPU.ActiveCfg = Release|Any CPU
		{D90E6072-FBE5-4A86-A1E1-11E12DC5E27B}.Release|Any CPU.Build.0 = Release|Any CPU
		{E5A32544-0FAE-4EA1-AC7B-100B96EEC6E3}.Debug|Any CPU.ActiveCfg = Debug|Any CPU
		{E5A32544-0FAE-4EA1-AC7B-100B96EEC6E3}.Debug|Any CPU.Build.0 = Debug|Any CPU
		{E5A32544-0FAE-4EA1-AC7B-100B96EEC6E3}.Release|Any CPU.ActiveCfg = Release|Any CPU
		{E5A32544-0FAE-4EA1-AC7B-100B96EEC6E3}.Release|Any CPU.Build.0 = Release|Any CPU
		{6ED9011D-5EB2-4670-9BDB-B98333D3DF11}.Debug|Any CPU.ActiveCfg = Debug|Any CPU
		{6ED9011D-5EB2-4670-9BDB-B98333D3DF11}.Debug|Any CPU.Build.0 = Debug|Any CPU
		{6ED9011D-5EB2-4670-9BDB-B98333D3DF11}.Release|Any CPU.ActiveCfg = Release|Any CPU
		{6ED9011D-5EB2-4670-9BDB-B98333D3DF11}.Release|Any CPU.Build.0 = Release|Any CPU
		{7E7FC14A-98A4-4CAF-A281-CEE0F3BE86E2}.Debug|Any CPU.ActiveCfg = Debug|Any CPU
		{7E7FC14A-98A4-4CAF-A281-CEE0F3BE86E2}.Debug|Any CPU.Build.0 = Debug|Any CPU
		{7E7FC14A-98A4-4CAF-A281-CEE0F3BE86E2}.Release|Any CPU.ActiveCfg = Release|Any CPU
		{7E7FC14A-98A4-4CAF-A281-CEE0F3BE86E2}.Release|Any CPU.Build.0 = Release|Any CPU
		{97498BD7-DD75-428E-A5E7-92DC7F1AEA3B}.Debug|Any CPU.ActiveCfg = Debug|Any CPU
		{97498BD7-DD75-428E-A5E7-92DC7F1AEA3B}.Debug|Any CPU.Build.0 = Debug|Any CPU
		{97498BD7-DD75-428E-A5E7-92DC7F1AEA3B}.Release|Any CPU.ActiveCfg = Release|Any CPU
		{97498BD7-DD75-428E-A5E7-92DC7F1AEA3B}.Release|Any CPU.Build.0 = Release|Any CPU
	EndGlobalSection
	GlobalSection(SolutionProperties) = preSolution
		HideSolutionNode = FALSE
	EndGlobalSection
	GlobalSection(ExtensibilityGlobals) = postSolution
		SolutionGuid = {A669AC47-048F-4FF2-AF6F-854B2680C438}
	EndGlobalSection
EndGlobal
